// !$*UTF8*$!
{
	archiveVersion = 1;
	classes = {
	};
	objectVersion = 51;
	objects = {

/* Begin PBXBuildFile section */
		2FDBE84124A6541600572C19 /* AppDelegate.swift in Sources */ = {isa = PBXBuildFile; fileRef = 2FDBE84024A6541600572C19 /* AppDelegate.swift */; };
		2FDBE84324A6541600572C19 /* SceneDelegate.swift in Sources */ = {isa = PBXBuildFile; fileRef = 2FDBE84224A6541600572C19 /* SceneDelegate.swift */; };
		2FDBE84524A6541600572C19 /* ViewController.swift in Sources */ = {isa = PBXBuildFile; fileRef = 2FDBE84424A6541600572C19 /* ViewController.swift */; };
		2FDBE84824A6541600572C19 /* Main.storyboard in Resources */ = {isa = PBXBuildFile; fileRef = 2FDBE84624A6541600572C19 /* Main.storyboard */; };
		2FDBE84A24A6541600572C19 /* Assets.xcassets in Resources */ = {isa = PBXBuildFile; fileRef = 2FDBE84924A6541600572C19 /* Assets.xcassets */; };
		2FDBE84D24A6541700572C19 /* LaunchScreen.storyboard in Resources */ = {isa = PBXBuildFile; fileRef = 2FDBE84B24A6541700572C19 /* LaunchScreen.storyboard */; };
		2FDBE85524A657D300572C19 /* Extension + UView.swift in Sources */ = {isa = PBXBuildFile; fileRef = 2FDBE85424A657D300572C19 /* Extension + UView.swift */; };
		2FDBE85724A6730100572C19 /* Extension + UIColor.swift in Sources */ = {isa = PBXBuildFile; fileRef = 2FDBE85624A672FD00572C19 /* Extension + UIColor.swift */; };
		2FDBE85B24A774E900572C19 /* AnimationLabelView.swift in Sources */ = {isa = PBXBuildFile; fileRef = 2FDBE85A24A774E900572C19 /* AnimationLabelView.swift */; };
		F0EE9952D0A0503F5AB89269 /* Pods_BLE_Connect.framework in Frameworks */ = {isa = PBXBuildFile; fileRef = ACC54A293DAD2FD50D1609C2 /* Pods_BLE_Connect.framework */; };
/* End PBXBuildFile section */

/* Begin PBXFileReference section */
		2FDBE83D24A6541600572C19 /* BLE_Connect.app */ = {isa = PBXFileReference; explicitFileType = wrapper.application; includeInIndex = 0; path = BLE_Connect.app; sourceTree = BUILT_PRODUCTS_DIR; };
		2FDBE84024A6541600572C19 /* AppDelegate.swift */ = {isa = PBXFileReference; lastKnownFileType = sourcecode.swift; path = AppDelegate.swift; sourceTree = "<group>"; };
		2FDBE84224A6541600572C19 /* SceneDelegate.swift */ = {isa = PBXFileReference; lastKnownFileType = sourcecode.swift; path = SceneDelegate.swift; sourceTree = "<group>"; };
		2FDBE84424A6541600572C19 /* ViewController.swift */ = {isa = PBXFileReference; lastKnownFileType = sourcecode.swift; path = ViewController.swift; sourceTree = "<group>"; };
		2FDBE84724A6541600572C19 /* Base */ = {isa = PBXFileReference; lastKnownFileType = file.storyboard; name = Base; path = Base.lproj/Main.storyboard; sourceTree = "<group>"; };
		2FDBE84924A6541600572C19 /* Assets.xcassets */ = {isa = PBXFileReference; lastKnownFileType = folder.assetcatalog; path = Assets.xcassets; sourceTree = "<group>"; };
		2FDBE84C24A6541700572C19 /* Base */ = {isa = PBXFileReference; lastKnownFileType = file.storyboard; name = Base; path = Base.lproj/LaunchScreen.storyboard; sourceTree = "<group>"; };
		2FDBE84E24A6541700572C19 /* Info.plist */ = {isa = PBXFileReference; lastKnownFileType = text.plist.xml; path = Info.plist; sourceTree = "<group>"; };
		2FDBE85424A657D300572C19 /* Extension + UView.swift */ = {isa = PBXFileReference; lastKnownFileType = sourcecode.swift; path = "Extension + UView.swift"; sourceTree = "<group>"; };
		2FDBE85624A672FD00572C19 /* Extension + UIColor.swift */ = {isa = PBXFileReference; lastKnownFileType = sourcecode.swift; path = "Extension + UIColor.swift"; sourceTree = "<group>"; };
		2FDBE85A24A774E900572C19 /* AnimationLabelView.swift */ = {isa = PBXFileReference; lastKnownFileType = sourcecode.swift; path = AnimationLabelView.swift; sourceTree = "<group>"; };
		5D5CAE31CAA10B65A0DEBFBF /* Pods-BLE_Connect.debug.xcconfig */ = {isa = PBXFileReference; includeInIndex = 1; lastKnownFileType = text.xcconfig; name = "Pods-BLE_Connect.debug.xcconfig"; path = "Target Support Files/Pods-BLE_Connect/Pods-BLE_Connect.debug.xcconfig"; sourceTree = "<group>"; };
		ACC54A293DAD2FD50D1609C2 /* Pods_BLE_Connect.framework */ = {isa = PBXFileReference; explicitFileType = wrapper.framework; includeInIndex = 0; path = Pods_BLE_Connect.framework; sourceTree = BUILT_PRODUCTS_DIR; };
		C4D2D1F2832329BE9110DC21 /* Pods-BLE_Connect.release.xcconfig */ = {isa = PBXFileReference; includeInIndex = 1; lastKnownFileType = text.xcconfig; name = "Pods-BLE_Connect.release.xcconfig"; path = "Target Support Files/Pods-BLE_Connect/Pods-BLE_Connect.release.xcconfig"; sourceTree = "<group>"; };
/* End PBXFileReference section */

/* Begin PBXFrameworksBuildPhase section */
		2FDBE83A24A6541600572C19 /* Frameworks */ = {
			isa = PBXFrameworksBuildPhase;
			buildActionMask = 2147483647;
			files = (
				F0EE9952D0A0503F5AB89269 /* Pods_BLE_Connect.framework in Frameworks */,
			);
			runOnlyForDeploymentPostprocessing = 0;
		};
/* End PBXFrameworksBuildPhase section */

/* Begin PBXGroup section */
		1DCD7EC31A805A024D330516 /* Pods */ = {
			isa = PBXGroup;
			children = (
				5D5CAE31CAA10B65A0DEBFBF /* Pods-BLE_Connect.debug.xcconfig */,
				C4D2D1F2832329BE9110DC21 /* Pods-BLE_Connect.release.xcconfig */,
			);
			path = Pods;
			sourceTree = "<group>";
		};
		2FDBE83424A6541500572C19 = {
			isa = PBXGroup;
			children = (
				2FDBE83F24A6541600572C19 /* BLE_Connect */,
				2FDBE83E24A6541600572C19 /* Products */,
				1DCD7EC31A805A024D330516 /* Pods */,
				D1ACCBD8AEDAD339270303CF /* Frameworks */,
			);
			sourceTree = "<group>";
		};
		2FDBE83E24A6541600572C19 /* Products */ = {
			isa = PBXGroup;
			children = (
				2FDBE83D24A6541600572C19 /* BLE_Connect.app */,
			);
			name = Products;
			sourceTree = "<group>";
		};
		2FDBE83F24A6541600572C19 /* BLE_Connect */ = {
			isa = PBXGroup;
			children = (
				2FDBE84024A6541600572C19 /* AppDelegate.swift */,
				2FDBE84224A6541600572C19 /* SceneDelegate.swift */,
				2FDBE84424A6541600572C19 /* ViewController.swift */,
				2FDBE84624A6541600572C19 /* Main.storyboard */,
				2FDBE85424A657D300572C19 /* Extension + UView.swift */,
				2FDBE85624A672FD00572C19 /* Extension + UIColor.swift */,
				2FDBE85A24A774E900572C19 /* AnimationLabelView.swift */,
				2FDBE84924A6541600572C19 /* Assets.xcassets */,
				2FDBE84B24A6541700572C19 /* LaunchScreen.storyboard */,
				2FDBE84E24A6541700572C19 /* Info.plist */,
			);
			path = BLE_Connect;
			sourceTree = "<group>";
		};
		D1ACCBD8AEDAD339270303CF /* Frameworks */ = {
			isa = PBXGroup;
			children = (
				ACC54A293DAD2FD50D1609C2 /* Pods_BLE_Connect.framework */,
			);
			name = Frameworks;
			sourceTree = "<group>";
		};
/* End PBXGroup section */

/* Begin PBXNativeTarget section */
		2FDBE83C24A6541600572C19 /* BLE_Connect */ = {
			isa = PBXNativeTarget;
			buildConfigurationList = 2FDBE85124A6541700572C19 /* Build configuration list for PBXNativeTarget "BLE_Connect" */;
			buildPhases = (
				11F4E37974A54646958B662F /* [CP] Check Pods Manifest.lock */,
				2FDBE83924A6541600572C19 /* Sources */,
				2FDBE83A24A6541600572C19 /* Frameworks */,
				2FDBE83B24A6541600572C19 /* Resources */,
				59EC4E4A4A0D821649369667 /* [CP] Embed Pods Frameworks */,
			);
			buildRules = (
			);
			dependencies = (
			);
			name = BLE_Connect;
			productName = BLE_Connect;
			productReference = 2FDBE83D24A6541600572C19 /* BLE_Connect.app */;
			productType = "com.apple.product-type.application";
		};
/* End PBXNativeTarget section */

/* Begin PBXProject section */
		2FDBE83524A6541500572C19 /* Project object */ = {
			isa = PBXProject;
			attributes = {
				LastSwiftUpdateCheck = 1150;
				LastUpgradeCheck = 1150;
				ORGANIZATIONNAME = "服部　翼";
				TargetAttributes = {
					2FDBE83C24A6541600572C19 = {
						CreatedOnToolsVersion = 11.5;
					};
				};
			};
			buildConfigurationList = 2FDBE83824A6541500572C19 /* Build configuration list for PBXProject "BLE_Connect" */;
			compatibilityVersion = "Xcode 9.3";
			developmentRegion = en;
			hasScannedForEncodings = 0;
			knownRegions = (
				en,
				Base,
			);
			mainGroup = 2FDBE83424A6541500572C19;
			productRefGroup = 2FDBE83E24A6541600572C19 /* Products */;
			projectDirPath = "";
			projectRoot = "";
			targets = (
				2FDBE83C24A6541600572C19 /* BLE_Connect */,
			);
		};
/* End PBXProject section */

/* Begin PBXResourcesBuildPhase section */
		2FDBE83B24A6541600572C19 /* Resources */ = {
			isa = PBXResourcesBuildPhase;
			buildActionMask = 2147483647;
			files = (
				2FDBE84D24A6541700572C19 /* LaunchScreen.storyboard in Resources */,
				2FDBE84A24A6541600572C19 /* Assets.xcassets in Resources */,
				2FDBE84824A6541600572C19 /* Main.storyboard in Resources */,
			);
			runOnlyForDeploymentPostprocessing = 0;
		};
/* End PBXResourcesBuildPhase section */

/* Begin PBXShellScriptBuildPhase section */
		11F4E37974A54646958B662F /* [CP] Check Pods Manifest.lock */ = {
			isa = PBXShellScriptBuildPhase;
			buildActionMask = 2147483647;
			files = (
			);
			inputFileListPaths = (
			);
			inputPaths = (
				"${PODS_PODFILE_DIR_PATH}/Podfile.lock",
				"${PODS_ROOT}/Manifest.lock",
			);
			name = "[CP] Check Pods Manifest.lock";
			outputFileListPaths = (
			);
			outputPaths = (
				"$(DERIVED_FILE_DIR)/Pods-BLE_Connect-checkManifestLockResult.txt",
			);
			runOnlyForDeploymentPostprocessing = 0;
			shellPath = /bin/sh;
			shellScript = "diff \"${PODS_PODFILE_DIR_PATH}/Podfile.lock\" \"${PODS_ROOT}/Manifest.lock\" > /dev/null\nif [ $? != 0 ] ; then\n    # print error to STDERR\n    echo \"error: The sandbox is not in sync with the Podfile.lock. Run 'pod install' or update your CocoaPods installation.\" >&2\n    exit 1\nfi\n# This output is used by Xcode 'outputs' to avoid re-running this script phase.\necho \"SUCCESS\" > \"${SCRIPT_OUTPUT_FILE_0}\"\n";
			showEnvVarsInLog = 0;
		};
		59EC4E4A4A0D821649369667 /* [CP] Embed Pods Frameworks */ = {
			isa = PBXShellScriptBuildPhase;
			buildActionMask = 2147483647;
			files = (
			);
			inputFileListPaths = (
				"${PODS_ROOT}/Target Support Files/Pods-BLE_Connect/Pods-BLE_Connect-frameworks-${CONFIGURATION}-input-files.xcfilelist",
			);
			name = "[CP] Embed Pods Frameworks";
			outputFileListPaths = (
				"${PODS_ROOT}/Target Support Files/Pods-BLE_Connect/Pods-BLE_Connect-frameworks-${CONFIGURATION}-output-files.xcfilelist",
			);
			runOnlyForDeploymentPostprocessing = 0;
			shellPath = /bin/sh;
			shellScript = "\"${PODS_ROOT}/Target Support Files/Pods-BLE_Connect/Pods-BLE_Connect-frameworks.sh\"\n";
			showEnvVarsInLog = 0;
		};
/* End PBXShellScriptBuildPhase section */

/* Begin PBXSourcesBuildPhase section */
		2FDBE83924A6541600572C19 /* Sources */ = {
			isa = PBXSourcesBuildPhase;
			buildActionMask = 2147483647;
			files = (
				2FDBE85B24A774E900572C19 /* AnimationLabelView.swift in Sources */,
				2FDBE84524A6541600572C19 /* ViewController.swift in Sources */,
				2FDBE84124A6541600572C19 /* AppDelegate.swift in Sources */,
				2FDBE85524A657D300572C19 /* Extension + UView.swift in Sources */,
				2FDBE84324A6541600572C19 /* SceneDelegate.swift in Sources */,
				2FDBE85724A6730100572C19 /* Extension + UIColor.swift in Sources */,
			);
			runOnlyForDeploymentPostprocessing = 0;
		};
/* End PBXSourcesBuildPhase section */

/* Begin PBXVariantGroup section */
		2FDBE84624A6541600572C19 /* Main.storyboard */ = {
			isa = PBXVariantGroup;
			children = (
				2FDBE84724A6541600572C19 /* Base */,
			);
			name = Main.storyboard;
			sourceTree = "<group>";
		};
		2FDBE84B24A6541700572C19 /* LaunchScreen.storyboard */ = {
			isa = PBXVariantGroup;
			children = (
				2FDBE84C24A6541700572C19 /* Base */,
			);
			name = LaunchScreen.storyboard;
			sourceTree = "<group>";
		};
/* End PBXVariantGroup section */

/* Begin XCBuildConfiguration section */
		2FDBE84F24A6541700572C19 /* Debug */ = {
			isa = XCBuildConfiguration;
			buildSettings = {
				ALWAYS_SEARCH_USER_PATHS = NO;
				CLANG_ANALYZER_NONNULL = YES;
				CLANG_ANALYZER_NUMBER_OBJECT_CONVERSION = YES_AGGRESSIVE;
				CLANG_CXX_LANGUAGE_STANDARD = "gnu++14";
				CLANG_CXX_LIBRARY = "libc++";
				CLANG_ENABLE_MODULES = YES;
				CLANG_ENABLE_OBJC_ARC = YES;
				CLANG_ENABLE_OBJC_WEAK = YES;
				CLANG_WARN_BLOCK_CAPTURE_AUTORELEASING = YES;
				CLANG_WARN_BOOL_CONVERSION = YES;
				CLANG_WARN_COMMA = YES;
				CLANG_WARN_CONSTANT_CONVERSION = YES;
				CLANG_WARN_DEPRECATED_OBJC_IMPLEMENTATIONS = YES;
				CLANG_WARN_DIRECT_OBJC_ISA_USAGE = YES_ERROR;
				CLANG_WARN_DOCUMENTATION_COMMENTS = YES;
				CLANG_WARN_EMPTY_BODY = YES;
				CLANG_WARN_ENUM_CONVERSION = YES;
				CLANG_WARN_INFINITE_RECURSION = YES;
				CLANG_WARN_INT_CONVERSION = YES;
				CLANG_WARN_NON_LITERAL_NULL_CONVERSION = YES;
				CLANG_WARN_OBJC_IMPLICIT_RETAIN_SELF = YES;
				CLANG_WARN_OBJC_LITERAL_CONVERSION = YES;
				CLANG_WARN_OBJC_ROOT_CLASS = YES_ERROR;
				CLANG_WARN_RANGE_LOOP_ANALYSIS = YES;
				CLANG_WARN_STRICT_PROTOTYPES = YES;
				CLANG_WARN_SUSPICIOUS_MOVE = YES;
				CLANG_WARN_UNGUARDED_AVAILABILITY = YES_AGGRESSIVE;
				CLANG_WARN_UNREACHABLE_CODE = YES;
				CLANG_WARN__DUPLICATE_METHOD_MATCH = YES;
				COPY_PHASE_STRIP = NO;
				DEBUG_INFORMATION_FORMAT = dwarf;
				ENABLE_STRICT_OBJC_MSGSEND = YES;
				ENABLE_TESTABILITY = YES;
				GCC_C_LANGUAGE_STANDARD = gnu11;
				GCC_DYNAMIC_NO_PIC = NO;
				GCC_NO_COMMON_BLOCKS = YES;
				GCC_OPTIMIZATION_LEVEL = 0;
				GCC_PREPROCESSOR_DEFINITIONS = (
					"DEBUG=1",
					"$(inherited)",
				);
				GCC_WARN_64_TO_32_BIT_CONVERSION = YES;
				GCC_WARN_ABOUT_RETURN_TYPE = YES_ERROR;
				GCC_WARN_UNDECLARED_SELECTOR = YES;
				GCC_WARN_UNINITIALIZED_AUTOS = YES_AGGRESSIVE;
				GCC_WARN_UNUSED_FUNCTION = YES;
				GCC_WARN_UNUSED_VARIABLE = YES;
				IPHONEOS_DEPLOYMENT_TARGET = 13.5;
				MTL_ENABLE_DEBUG_INFO = INCLUDE_SOURCE;
				MTL_FAST_MATH = YES;
				ONLY_ACTIVE_ARCH = YES;
				SDKROOT = iphoneos;
				SWIFT_ACTIVE_COMPILATION_CONDITIONS = DEBUG;
				SWIFT_OPTIMIZATION_LEVEL = "-Onone";
			};
			name = Debug;
		};
		2FDBE85024A6541700572C19 /* Release */ = {
			isa = XCBuildConfiguration;
			buildSettings = {
				ALWAYS_SEARCH_USER_PATHS = NO;
				CLANG_ANALYZER_NONNULL = YES;
				CLANG_ANALYZER_NUMBER_OBJECT_CONVERSION = YES_AGGRESSIVE;
				CLANG_CXX_LANGUAGE_STANDARD = "gnu++14";
				CLANG_CXX_LIBRARY = "libc++";
				CLANG_ENABLE_MODULES = YES;
				CLANG_ENABLE_OBJC_ARC = YES;
				CLANG_ENABLE_OBJC_WEAK = YES;
				CLANG_WARN_BLOCK_CAPTURE_AUTORELEASING = YES;
				CLANG_WARN_BOOL_CONVERSION = YES;
				CLANG_WARN_COMMA = YES;
				CLANG_WARN_CONSTANT_CONVERSION = YES;
				CLANG_WARN_DEPRECATED_OBJC_IMPLEMENTATIONS = YES;
				CLANG_WARN_DIRECT_OBJC_ISA_USAGE = YES_ERROR;
				CLANG_WARN_DOCUMENTATION_COMMENTS = YES;
				CLANG_WARN_EMPTY_BODY = YES;
				CLANG_WARN_ENUM_CONVERSION = YES;
				CLANG_WARN_INFINITE_RECURSION = YES;
				CLANG_WARN_INT_CONVERSION = YES;
				CLANG_WARN_NON_LITERAL_NULL_CONVERSION = YES;
				CLANG_WARN_OBJC_IMPLICIT_RETAIN_SELF = YES;
				CLANG_WARN_OBJC_LITERAL_CONVERSION = YES;
				CLANG_WARN_OBJC_ROOT_CLASS = YES_ERROR;
				CLANG_WARN_RANGE_LOOP_ANALYSIS = YES;
				CLANG_WARN_STRICT_PROTOTYPES = YES;
				CLANG_WARN_SUSPICIOUS_MOVE = YES;
				CLANG_WARN_UNGUARDED_AVAILABILITY = YES_AGGRESSIVE;
				CLANG_WARN_UNREACHABLE_CODE = YES;
				CLANG_WARN__DUPLICATE_METHOD_MATCH = YES;
				COPY_PHASE_STRIP = NO;
				DEBUG_INFORMATION_FORMAT = "dwarf-with-dsym";
				ENABLE_NS_ASSERTIONS = NO;
				ENABLE_STRICT_OBJC_MSGSEND = YES;
				GCC_C_LANGUAGE_STANDARD = gnu11;
				GCC_NO_COMMON_BLOCKS = YES;
				GCC_WARN_64_TO_32_BIT_CONVERSION = YES;
				GCC_WARN_ABOUT_RETURN_TYPE = YES_ERROR;
				GCC_WARN_UNDECLARED_SELECTOR = YES;
				GCC_WARN_UNINITIALIZED_AUTOS = YES_AGGRESSIVE;
				GCC_WARN_UNUSED_FUNCTION = YES;
				GCC_WARN_UNUSED_VARIABLE = YES;
				IPHONEOS_DEPLOYMENT_TARGET = 13.5;
				MTL_ENABLE_DEBUG_INFO = NO;
				MTL_FAST_MATH = YES;
				SDKROOT = iphoneos;
				SWIFT_COMPILATION_MODE = wholemodule;
				SWIFT_OPTIMIZATION_LEVEL = "-O";
				VALIDATE_PRODUCT = YES;
			};
			name = Release;
		};
		2FDBE85224A6541700572C19 /* Debug */ = {
			isa = XCBuildConfiguration;
			baseConfigurationReference = 5D5CAE31CAA10B65A0DEBFBF /* Pods-BLE_Connect.debug.xcconfig */;
			buildSettings = {
				ASSETCATALOG_COMPILER_APPICON_NAME = AppIcon;
				CODE_SIGN_STYLE = Automatic;
				DEVELOPMENT_TEAM = Z5BC87SB57;
				INFOPLIST_FILE = BLE_Connect/Info.plist;
				LD_RUNPATH_SEARCH_PATHS = (
					"$(inherited)",
					"@executable_path/Frameworks",
				);
				PRODUCT_BUNDLE_IDENTIFIER = "test.BLE-Connect";
				PRODUCT_NAME = "$(TARGET_NAME)";
				SWIFT_VERSION = 5.0;
				TARGETED_DEVICE_FAMILY = "1,2";
			};
			name = Debug;
		};
		2FDBE85324A6541700572C19 /* Release */ = {
			isa = XCBuildConfiguration;
			baseConfigurationReference = C4D2D1F2832329BE9110DC21 /* Pods-BLE_Connect.release.xcconfig */;
			buildSettings = {
				ASSETCATALOG_COMPILER_APPICON_NAME = AppIcon;
				CODE_SIGN_STYLE = Automatic;
				DEVELOPMENT_TEAM = Z5BC87SB57;
				INFOPLIST_FILE = BLE_Connect/Info.plist;
				LD_RUNPATH_SEARCH_PATHS = (
					"$(inherited)",
					"@executable_path/Frameworks",
				);
				PRODUCT_BUNDLE_IDENTIFIER = "test.BLE-Connect";
				PRODUCT_NAME = "$(TARGET_NAME)";
				SWIFT_VERSION = 5.0;
				TARGETED_DEVICE_FAMILY = "1,2";
			};
			name = Release;
		};
/* End XCBuildConfiguration section */

/* Begin XCConfigurationList section */
		2FDBE83824A6541500572C19 /* Build configuration list for PBXProject "BLE_Connect" */ = {
			isa = XCConfigurationList;
			buildConfigurations = (
				2FDBE84F24A6541700572C19 /* Debug */,
				2FDBE85024A6541700572C19 /* Release */,
			);
			defaultConfigurationIsVisible = 0;
			defaultConfigurationName = Release;
		};
		2FDBE85124A6541700572C19 /* Build configuration list for PBXNativeTarget "BLE_Connect" */ = {
			isa = XCConfigurationList;
			buildConfigurations = (
				2FDBE85224A6541700572C19 /* Debug */,
				2FDBE85324A6541700572C19 /* Release */,
			);
			defaultConfigurationIsVisible = 0;
			defaultConfigurationName = Release;
		};
/* End XCConfigurationList section */
	};
	rootObject = 2FDBE83524A6541500572C19 /* Project object */;
}
